
Microsoft Visual Studio Solution File, Format Version 12.00
# Visual Studio 15
VisualStudioVersion = 15.0.27428.2015
MinimumVisualStudioVersion = 10.0.40219.1
Project("{FAE04EC0-301F-11D3-BF4B-00C04F79EFBC}") = "TRealtimeData", "TRealtimeData\TRealtimeData.csproj", "{7A38A960-C789-425D-A4F7-463EF1ADD33F}"
EndProject
Project("{FAE04EC0-301F-11D3-BF4B-00C04F79EFBC}") = "CMDataCollector", "..\CMDataCollector\CMDataCollector.csproj", "{77B09680-966C-4EE3-9D5C-C9C99E23B22A}"
EndProject
Project("{FAE04EC0-301F-11D3-BF4B-00C04F79EFBC}") = "SIPDataCollector", "..\SIPDataCollector\SIPDataCollector.csproj", "{7D7BD204-EDC8-42CE-8F84-089B86CAFE1B}"
EndProject
Project("{FAE04EC0-301F-11D3-BF4B-00C04F79EFBC}") = "Connector", "..\Connector\Connector.csproj", "{CA10CAD4-EBD5-40AA-B608-380A7B29E08A}"
EndProject
Project("{FAE04EC0-301F-11D3-BF4B-00C04F79EFBC}") = "TRealTimeDataSync", "..\TRealtimeDataSync\TRealTimeDataSync.csproj", "{5C2DD53D-3A61-4CCD-AE65-285BDC509CD3}"
EndProject
Project("{FAE04EC0-301F-11D3-BF4B-00C04F79EFBC}") = "ZTestApp", "..\TestApp\ZTestApp.csproj", "{3D3023AF-FC8D-4C77-82EC-7D3568F96D5E}"
EndProject
Project("{54435603-DBB4-11D2-8724-00A0C9A8B90C}") = "TRealtimeDataInstaller", "TRealtimeDataInstaller\TRealtimeDataInstaller.vdproj", "{90483F6F-07EC-41D2-9B60-643DD92CA813}"
EndProject
Global
	GlobalSection(SolutionConfigurationPlatforms) = preSolution
		Debug|Any CPU = Debug|Any CPU
		Debug|x86 = Debug|x86
		Release|Any CPU = Release|Any CPU
		Release|x86 = Release|x86
	EndGlobalSection
	GlobalSection(ProjectConfigurationPlatforms) = postSolution
		{7A38A960-C789-425D-A4F7-463EF1ADD33F}.Debug|Any CPU.ActiveCfg = Debug|Any CPU
		{7A38A960-C789-425D-A4F7-463EF1ADD33F}.Debug|Any CPU.Build.0 = Debug|Any CPU
		{7A38A960-C789-425D-A4F7-463EF1ADD33F}.Debug|x86.ActiveCfg = Debug|Any CPU
		{7A38A960-C789-425D-A4F7-463EF1ADD33F}.Debug|x86.Build.0 = Debug|Any CPU
		{7A38A960-C789-425D-A4F7-463EF1ADD33F}.Release|Any CPU.ActiveCfg = Release|Any CPU
		{7A38A960-C789-425D-A4F7-463EF1ADD33F}.Release|Any CPU.Build.0 = Release|Any CPU
		{7A38A960-C789-425D-A4F7-463EF1ADD33F}.Release|x86.ActiveCfg = Release|Any CPU
		{7A38A960-C789-425D-A4F7-463EF1ADD33F}.Release|x86.Build.0 = Release|Any CPU
		{77B09680-966C-4EE3-9D5C-C9C99E23B22A}.Debug|Any CPU.ActiveCfg = Debug|Any CPU
		{77B09680-966C-4EE3-9D5C-C9C99E23B22A}.Debug|Any CPU.Build.0 = Debug|Any CPU
		{77B09680-966C-4EE3-9D5C-C9C99E23B22A}.Debug|x86.ActiveCfg = Debug|Any CPU
		{77B09680-966C-4EE3-9D5C-C9C99E23B22A}.Debug|x86.Build.0 = Debug|Any CPU
		{77B09680-966C-4EE3-9D5C-C9C99E23B22A}.Release|Any CPU.ActiveCfg = Release|Any CPU
		{77B09680-966C-4EE3-9D5C-C9C99E23B22A}.Release|Any CPU.Build.0 = Release|Any CPU
		{77B09680-966C-4EE3-9D5C-C9C99E23B22A}.Release|x86.ActiveCfg = Release|Any CPU
		{77B09680-966C-4EE3-9D5C-C9C99E23B22A}.Release|x86.Build.0 = Release|Any CPU
		{7D7BD204-EDC8-42CE-8F84-089B86CAFE1B}.Debug|Any CPU.ActiveCfg = Debug|Any CPU
		{7D7BD204-EDC8-42CE-8F84-089B86CAFE1B}.Debug|Any CPU.Build.0 = Debug|Any CPU
		{7D7BD204-EDC8-42CE-8F84-089B86CAFE1B}.Debug|x86.ActiveCfg = Debug|Any CPU
		{7D7BD204-EDC8-42CE-8F84-089B86CAFE1B}.Debug|x86.Build.0 = Debug|Any CPU
		{7D7BD204-EDC8-42CE-8F84-089B86CAFE1B}.Release|Any CPU.ActiveCfg = Release|Any CPU
		{7D7BD204-EDC8-42CE-8F84-089B86CAFE1B}.Release|Any CPU.Build.0 = Release|Any CPU
		{7D7BD204-EDC8-42CE-8F84-089B86CAFE1B}.Release|x86.ActiveCfg = Release|Any CPU
		{7D7BD204-EDC8-42CE-8F84-089B86CAFE1B}.Release|x86.Build.0 = Release|Any CPU
		{CA10CAD4-EBD5-40AA-B608-380A7B29E08A}.Debug|Any CPU.ActiveCfg = Debug|Any CPU
		{CA10CAD4-EBD5-40AA-B608-380A7B29E08A}.Debug|Any CPU.Build.0 = Debug|Any CPU
		{CA10CAD4-EBD5-40AA-B608-380A7B29E08A}.Debug|x86.ActiveCfg = Debug|Any CPU
		{CA10CAD4-EBD5-40AA-B608-380A7B29E08A}.Debug|x86.Build.0 = Debug|Any CPU
		{CA10CAD4-EBD5-40AA-B608-380A7B29E08A}.Release|Any CPU.ActiveCfg = Release|Any CPU
		{CA10CAD4-EBD5-40AA-B608-380A7B29E08A}.Release|Any CPU.Build.0 = Release|Any CPU
		{CA10CAD4-EBD5-40AA-B608-380A7B29E08A}.Release|x86.ActiveCfg = Release|Any CPU
		{CA10CAD4-EBD5-40AA-B608-380A7B29E08A}.Release|x86.Build.0 = Release|Any CPU
		{5C2DD53D-3A61-4CCD-AE65-285BDC509CD3}.Debug|Any CPU.ActiveCfg = Debug|Any CPU
		{5C2DD53D-3A61-4CCD-AE65-285BDC509CD3}.Debug|Any CPU.Build.0 = Debug|Any CPU
		{5C2DD53D-3A61-4CCD-AE65-285BDC509CD3}.Debug|x86.ActiveCfg = Debug|Any CPU
		{5C2DD53D-3A61-4CCD-AE65-285BDC509CD3}.Debug|x86.Build.0 = Debug|Any CPU
		{5C2DD53D-3A61-4CCD-AE65-285BDC509CD3}.Release|Any CPU.ActiveCfg = Release|Any CPU
		{5C2DD53D-3A61-4CCD-AE65-285BDC509CD3}.Release|Any CPU.Build.0 = Release|Any CPU
		{5C2DD53D-3A61-4CCD-AE65-285BDC509CD3}.Release|x86.ActiveCfg = Release|Any CPU
		{5C2DD53D-3A61-4CCD-AE65-285BDC509CD3}.Release|x86.Build.0 = Release|Any CPU
		{3D3023AF-FC8D-4C77-82EC-7D3568F96D5E}.Debug|Any CPU.ActiveCfg = Debug|x86
		{3D3023AF-FC8D-4C77-82EC-7D3568F96D5E}.Debug|x86.ActiveCfg = Debug|x86
		{3D3023AF-FC8D-4C77-82EC-7D3568F96D5E}.Debug|x86.Build.0 = Debug|x86
		{3D3023AF-FC8D-4C77-82EC-7D3568F96D5E}.Release|Any CPU.ActiveCfg = Release|x86
		{3D3023AF-FC8D-4C77-82EC-7D3568F96D5E}.Release|x86.ActiveCfg = Release|x86
		{3D3023AF-FC8D-4C77-82EC-7D3568F96D5E}.Release|x86.Build.0 = Release|x86
		{90483F6F-07EC-41D2-9B60-643DD92CA813}.Debug|Any CPU.ActiveCfg = Debug
		{90483F6F-07EC-41D2-9B60-643DD92CA813}.Debug|x86.ActiveCfg = Debug
		{90483F6F-07EC-41D2-9B60-643DD92CA813}.Release|Any CPU.ActiveCfg = Release
		{90483F6F-07EC-41D2-9B60-643DD92CA813}.Release|x86.ActiveCfg = Release
	EndGlobalSection
	GlobalSection(SolutionProperties) = preSolution
		HideSolutionNode = FALSE
	EndGlobalSection
	GlobalSection(ExtensibilityGlobals) = postSolution
		SolutionGuid = {40E5DBFF-445E-4796-A55D-C297D2C9F470}
	EndGlobalSection
EndGlobal
